Microsoft Visual Studio Solution File, Format Version 11.00
# Visual Studio 2010
Project("{FAE04EC0-301F-11D3-BF4B-00C04F79EFBC}") = "Host", "Host\Host.csproj", "{E1F54B1D-F372-4EBB-BA99-43842215F82A}"
EndProject
Project("{FAE04EC0-301F-11D3-BF4B-00C04F79EFBC}") = "SampleHost", "SampleHost\SampleHost.csproj", "{91183B21-BBB4-4701-95D0-C6CE36A7A6E7}"
EndProject
Global
	GlobalSection(SolutionConfigurationPlatforms) = preSolution
		Debug|Any CPU = Debug|Any CPU
		Debug|Mixed Platforms = Debug|Mixed Platforms
		Debug|x86 = Debug|x86
		Development|Any CPU = Development|Any CPU
		Development|Mixed Platforms = Development|Mixed Platforms
		Development|x86 = Development|x86
		Integration|Any CPU = Integration|Any CPU
		Integration|Mixed Platforms = Integration|Mixed Platforms
		Integration|x86 = Integration|x86
		Production|Any CPU = Production|Any CPU
		Production|Mixed Platforms = Production|Mixed Platforms
		Production|x86 = Production|x86
		Release|Any CPU = Release|Any CPU
		Release|Mixed Platforms = Release|Mixed Platforms
		Release|x86 = Release|x86
	EndGlobalSection
	GlobalSection(ProjectConfigurationPlatforms) = postSolution
		{E1F54B1D-F372-4EBB-BA99-43842215F82A}.Debug|Any CPU.ActiveCfg = Development|Any CPU
		{E1F54B1D-F372-4EBB-BA99-43842215F82A}.Debug|Any CPU.Build.0 = Development|Any CPU
		{E1F54B1D-F372-4EBB-BA99-43842215F82A}.Debug|Mixed Platforms.ActiveCfg = Development|Any CPU
		{E1F54B1D-F372-4EBB-BA99-43842215F82A}.Debug|Mixed Platforms.Build.0 = Development|Any CPU
		{E1F54B1D-F372-4EBB-BA99-43842215F82A}.Debug|x86.ActiveCfg = Development|Any CPU
		{E1F54B1D-F372-4EBB-BA99-43842215F82A}.Development|Any CPU.ActiveCfg = Development|Any CPU
		{E1F54B1D-F372-4EBB-BA99-43842215F82A}.Development|Any CPU.Build.0 = Development|Any CPU
		{E1F54B1D-F372-4EBB-BA99-43842215F82A}.Development|Mixed Platforms.ActiveCfg = Development|Any CPU
		{E1F54B1D-F372-4EBB-BA99-43842215F82A}.Development|Mixed Platforms.Build.0 = Development|Any CPU
		{E1F54B1D-F372-4EBB-BA99-43842215F82A}.Development|x86.ActiveCfg = Development|Any CPU
		{E1F54B1D-F372-4EBB-BA99-43842215F82A}.Integration|Any CPU.ActiveCfg = Integration|Any CPU
		{E1F54B1D-F372-4EBB-BA99-43842215F82A}.Integration|Any CPU.Build.0 = Integration|Any CPU
		{E1F54B1D-F372-4EBB-BA99-43842215F82A}.Integration|Mixed Platforms.ActiveCfg = Integration|Any CPU
		{E1F54B1D-F372-4EBB-BA99-43842215F82A}.Integration|Mixed Platforms.Build.0 = Integration|Any CPU
		{E1F54B1D-F372-4EBB-BA99-43842215F82A}.Integration|x86.ActiveCfg = Integration|Any CPU
		{E1F54B1D-F372-4EBB-BA99-43842215F82A}.Production|Any CPU.ActiveCfg = Production|Any CPU
		{E1F54B1D-F372-4EBB-BA99-43842215F82A}.Production|Any CPU.Build.0 = Production|Any CPU
		{E1F54B1D-F372-4EBB-BA99-43842215F82A}.Production|Mixed Platforms.ActiveCfg = Production|Any CPU
		{E1F54B1D-F372-4EBB-BA99-43842215F82A}.Production|Mixed Platforms.Build.0 = Production|Any CPU
		{E1F54B1D-F372-4EBB-BA99-43842215F82A}.Production|x86.ActiveCfg = Production|Any CPU
		{E1F54B1D-F372-4EBB-BA99-43842215F82A}.Release|Any CPU.ActiveCfg = Production|Any CPU
		{E1F54B1D-F372-4EBB-BA99-43842215F82A}.Release|Any CPU.Build.0 = Production|Any CPU
		{E1F54B1D-F372-4EBB-BA99-43842215F82A}.Release|Mixed Platforms.ActiveCfg = Production|Any CPU
		{E1F54B1D-F372-4EBB-BA99-43842215F82A}.Release|Mixed Platforms.Build.0 = Production|Any CPU
		{E1F54B1D-F372-4EBB-BA99-43842215F82A}.Release|x86.ActiveCfg = Production|Any CPU
		{91183B21-BBB4-4701-95D0-C6CE36A7A6E7}.Debug|Any CPU.ActiveCfg = Debug|x86
		{91183B21-BBB4-4701-95D0-C6CE36A7A6E7}.Debug|Mixed Platforms.ActiveCfg = Debug|x86
		{91183B21-BBB4-4701-95D0-C6CE36A7A6E7}.Debug|Mixed Platforms.Build.0 = Debug|x86
		{91183B21-BBB4-4701-95D0-C6CE36A7A6E7}.Debug|x86.ActiveCfg = Debug|x86
		{91183B21-BBB4-4701-95D0-C6CE36A7A6E7}.Debug|x86.Build.0 = Debug|x86
		{91183B21-BBB4-4701-95D0-C6CE36A7A6E7}.Development|Any CPU.ActiveCfg = Debug|x86
		{91183B21-BBB4-4701-95D0-C6CE36A7A6E7}.Development|Mixed Platforms.ActiveCfg = Debug|x86
		{91183B21-BBB4-4701-95D0-C6CE36A7A6E7}.Development|Mixed Platforms.Build.0 = Debug|x86
		{91183B21-BBB4-4701-95D0-C6CE36A7A6E7}.Development|x86.ActiveCfg = Debug|x86
		{91183B21-BBB4-4701-95D0-C6CE36A7A6E7}.Development|x86.Build.0 = Debug|x86
		{91183B21-BBB4-4701-95D0-C6CE36A7A6E7}.Integration|Any CPU.ActiveCfg = Release|x86
		{91183B21-BBB4-4701-95D0-C6CE36A7A6E7}.Integration|Mixed Platforms.ActiveCfg = Release|x86
		{91183B21-BBB4-4701-95D0-C6CE36A7A6E7}.Integration|Mixed Platforms.Build.0 = Release|x86
		{91183B21-BBB4-4701-95D0-C6CE36A7A6E7}.Integration|x86.ActiveCfg = Release|x86
		{91183B21-BBB4-4701-95D0-C6CE36A7A6E7}.Integration|x86.Build.0 = Release|x86
		{91183B21-BBB4-4701-95D0-C6CE36A7A6E7}.Production|Any CPU.ActiveCfg = Release|x86
		{91183B21-BBB4-4701-95D0-C6CE36A7A6E7}.Production|Mixed Platforms.ActiveCfg = Release|x86
		{91183B21-BBB4-4701-95D0-C6CE36A7A6E7}.Production|Mixed Platforms.Build.0 = Release|x86
		{91183B21-BBB4-4701-95D0-C6CE36A7A6E7}.Production|x86.ActiveCfg = Release|x86
		{91183B21-BBB4-4701-95D0-C6CE36A7A6E7}.Production|x86.Build.0 = Release|x86
		{91183B21-BBB4-4701-95D0-C6CE36A7A6E7}.Release|Any CPU.ActiveCfg = Release|x86
		{91183B21-BBB4-4701-95D0-C6CE36A7A6E7}.Release|Mixed Platforms.ActiveCfg = Release|x86
		{91183B21-BBB4-4701-95D0-C6CE36A7A6E7}.Release|Mixed Platforms.Build.0 = Release|x86
		{91183B21-BBB4-4701-95D0-C6CE36A7A6E7}.Release|x86.ActiveCfg = Release|x86
		{91183B21-BBB4-4701-95D0-C6CE36A7A6E7}.Release|x86.Build.0 = Release|x86
	EndGlobalSection
	GlobalSection(SolutionProperties) = preSolution
		HideSolutionNode = FALSE
	EndGlobalSection
EndGlobal
